
Microsoft Visual Studio Solution File, Format Version 12.00
# Visual Studio Version 16
VisualStudioVersion = 16.0.30503.244
MinimumVisualStudioVersion = 10.0.40219.1
Project("{9A19103F-16F7-4668-BE54-9A1E7A4F7556}") = "ITJobProject.WebApp", "ITJobProject.WebApp\ITJobProject.WebApp.csproj", "{72C1FC4F-33DB-48BA-9C5F-201C3278DD3A}"
EndProject
Project("{2150E333-8FDC-42A3-9474-1A3956D46DE8}") = "Solution Items", "Solution Items", "{61FDA914-DB6B-45B4-982D-6D11F21328BD}"
	ProjectSection(SolutionItems) = preProject
		README.md = README.md
	EndProjectSection
EndProject
Project("{FAE04EC0-301F-11D3-BF4B-00C04F79EFBC}") = "ITJobProject.Data", "ITJobProject.Data\ITJobProject.Data.csproj", "{86D973B0-FA2F-47DB-9904-E1B38CAB5A09}"
EndProject
Project("{FAE04EC0-301F-11D3-BF4B-00C04F79EFBC}") = "ITJobProject.Application", "ITJobProject.Application\ITJobProject.Application.csproj", "{3EFFCAEA-D586-4690-A1A1-FFBF8DABAF30}"
EndProject
Global
	GlobalSection(SolutionConfigurationPlatforms) = preSolution
		Debug|Any CPU = Debug|Any CPU
		Release|Any CPU = Release|Any CPU
	EndGlobalSection
	GlobalSection(ProjectConfigurationPlatforms) = postSolution
		{72C1FC4F-33DB-48BA-9C5F-201C3278DD3A}.Debug|Any CPU.ActiveCfg = Debug|Any CPU
		{72C1FC4F-33DB-48BA-9C5F-201C3278DD3A}.Debug|Any CPU.Build.0 = Debug|Any CPU
		{72C1FC4F-33DB-48BA-9C5F-201C3278DD3A}.Release|Any CPU.ActiveCfg = Release|Any CPU
		{72C1FC4F-33DB-48BA-9C5F-201C3278DD3A}.Release|Any CPU.Build.0 = Release|Any CPU
		{86D973B0-FA2F-47DB-9904-E1B38CAB5A09}.Debug|Any CPU.ActiveCfg = Debug|Any CPU
		{86D973B0-FA2F-47DB-9904-E1B38CAB5A09}.Debug|Any CPU.Build.0 = Debug|Any CPU
		{86D973B0-FA2F-47DB-9904-E1B38CAB5A09}.Release|Any CPU.ActiveCfg = Release|Any CPU
		{86D973B0-FA2F-47DB-9904-E1B38CAB5A09}.Release|Any CPU.Build.0 = Release|Any CPU
		{3EFFCAEA-D586-4690-A1A1-FFBF8DABAF30}.Debug|Any CPU.ActiveCfg = Debug|Any CPU
		{3EFFCAEA-D586-4690-A1A1-FFBF8DABAF30}.Debug|Any CPU.Build.0 = Debug|Any CPU
		{3EFFCAEA-D586-4690-A1A1-FFBF8DABAF30}.Release|Any CPU.ActiveCfg = Release|Any CPU
		{3EFFCAEA-D586-4690-A1A1-FFBF8DABAF30}.Release|Any CPU.Build.0 = Release|Any CPU
	EndGlobalSection
	GlobalSection(SolutionProperties) = preSolution
		HideSolutionNode = FALSE
	EndGlobalSection
	GlobalSection(ExtensibilityGlobals) = postSolution
		SolutionGuid = {765F6A41-87B7-42C7-A0D6-7CAB03E21B08}
	EndGlobalSection
EndGlobal
